
Microsoft Visual Studio Solution File, Format Version 12.00
# Visual Studio Version 17
VisualStudioVersion = 17.5.33530.505
MinimumVisualStudioVersion = 10.0.40219.1
Project("{FAE04EC0-301F-11D3-BF4B-00C04F79EFBC}") = "POS_Machine", "POS_Machine\POS_Machine.csproj", "{456D9BB6-CAE2-43DC-9F39-0F27AFEDC71D}"
EndProject
Global
	GlobalSection(SolutionConfigurationPlatforms) = preSolution
		Debug|Any CPU = Debug|Any CPU
		Release|Any CPU = Release|Any CPU
	EndGlobalSection
	GlobalSection(ProjectConfigurationPlatforms) = postSolution
		{456D9BB6-CAE2-43DC-9F39-0F27AFEDC71D}.Debug|Any CPU.ActiveCfg = Debug|Any CPU
		{456D9BB6-CAE2-43DC-9F39-0F27AFEDC71D}.Debug|Any CPU.Build.0 = Debug|Any CPU
		{456D9BB6-CAE2-43DC-9F39-0F27AFEDC71D}.Release|Any CPU.ActiveCfg = Release|Any CPU
		{456D9BB6-CAE2-43DC-9F39-0F27AFEDC71D}.Release|Any CPU.Build.0 = Release|Any CPU
	EndGlobalSection
	GlobalSection(SolutionProperties) = preSolution
		HideSolutionNode = FALSE
	EndGlobalSection
	GlobalSection(ExtensibilityGlobals) = postSolution
		SolutionGuid = {BA56AC28-B8DF-4EFC-83C1-85459F00131B}
	EndGlobalSection
EndGlobal
